{
  "originHash" : "0419db56429ca77c30b03bf47f2ed04bdf4e770023d6b46534fabf075bdd4d36",
  "pins" : [
    {
      "identity" : "swiftyjscore",
      "kind" : "remoteSourceControl",
      "location" : "https://github.com/vincode-io/SwiftyJSCore.git",
      "state" : {
        "branch" : "main",
        "revision" : "3be19d78e55206ea0e8da05ff814046ae3bcbada"
      }
    }
  ],
  "version" : 3
}
